{
  "nodes": {
    "flake-parts": {
      "inputs": {
        "nixpkgs-lib": [
          "nixpkgs"
        ]
      },
      "locked": {
        "lastModified": 1740872218,
        "narHash": "sha256-ZaMw0pdoUKigLpv9HiNDH2Pjnosg7NBYMJlHTIsHEUo=",
        "owner": "hercules-ci",
        "repo": "flake-parts",
        "rev": "3876f6b87db82f33775b1ef5ea343986105db764",
        "type": "github"
      },
      "original": {
        "owner": "hercules-ci",
        "repo": "flake-parts",
        "type": "github"
      }
    },
    "nix-genesis": {
      "inputs": {
        "flake-parts": [
          "flake-parts"
        ],
        "nixpkgs": [
          "nixpkgs"
        ],
        "treefmt-nix": [
          "flake-parts"
        ]
      },
      "locked": {
        "lastModified": 1741201705,
        "narHash": "sha256-cw2O9ml+7lYShqOU8nKoOgt/+UXcUH5Up9DFi9aGBM0=",
        "owner": "mcsimw",
        "repo": "nix-genesis",
        "rev": "666b68179a6c70c073ad42aae35ac67b533d72bb",
        "type": "github"
      },
      "original": {
        "owner": "mcsimw",
        "repo": "nix-genesis",
        "type": "github"
      }
    },
    "nixpkgs": {
      "locked": {
        "lastModified": 1741214746,
        "narHash": "sha256-itydkxmUb5hT9/aFPq7sREHNqKn4EeQxg2DOGkK5HI4=",
        "owner": "NixOS",
        "repo": "nixpkgs",
        "rev": "5b67dad13c7fc4f8e56da28d382e0af4f2f4accc",
        "type": "github"
      },
      "original": {
        "owner": "NixOS",
        "repo": "nixpkgs",
        "type": "github"
      }
    },
    "root": {
      "inputs": {
        "flake-parts": "flake-parts",
        "nix-genesis": "nix-genesis",
        "nixpkgs": "nixpkgs",
        "treefmt-nix": "treefmt-nix"
      }
    },
    "treefmt-nix": {
      "inputs": {
        "nixpkgs": [
          "nixpkgs"
        ]
      },
      "locked": {
        "lastModified": 1739829690,
        "narHash": "sha256-mL1szCeIsjh6Khn3nH2cYtwO5YXG6gBiTw1A30iGeDU=",
        "owner": "numtide",
        "repo": "treefmt-nix",
        "rev": "3d0579f5cc93436052d94b73925b48973a104204",
        "type": "github"
      },
      "original": {
        "owner": "numtide",
        "repo": "treefmt-nix",
        "type": "github"
      }
    }
  },
  "root": "root",
  "version": 7
}
